// !$*UTF8*$!
{
	archiveVersion = 1;
	classes = {
	};
	objectVersion = 56;
	objects = {

/* Begin PBXBuildFile section */
		770685E9296DECD80036F181 /* AppDelegate.swift in Sources */ = {isa = PBXBuildFile; fileRef = 770685E8296DECD80036F181 /* AppDelegate.swift */; };
		770685EB296DECD80036F181 /* SceneDelegate.swift in Sources */ = {isa = PBXBuildFile; fileRef = 770685EA296DECD80036F181 /* SceneDelegate.swift */; };
		770685F2296DECDA0036F181 /* Assets.xcassets in Resources */ = {isa = PBXBuildFile; fileRef = 770685F1296DECDA0036F181 /* Assets.xcassets */; };
		770685F5296DECDA0036F181 /* LaunchScreen.storyboard in Resources */ = {isa = PBXBuildFile; fileRef = 770685F3296DECDA0036F181 /* LaunchScreen.storyboard */; };
		77068607296DEE890036F181 /* RMLocation.swift in Sources */ = {isa = PBXBuildFile; fileRef = 77068606296DEE890036F181 /* RMLocation.swift */; };
		77068609296DEE960036F181 /* RMCharacter.swift in Sources */ = {isa = PBXBuildFile; fileRef = 77068608296DEE960036F181 /* RMCharacter.swift */; };
		7706860C296DEEB10036F181 /* RMEpisode.swift in Sources */ = {isa = PBXBuildFile; fileRef = 7706860B296DEEB10036F181 /* RMEpisode.swift */; };
		7706860F296DEEC80036F181 /* RMTabBarController.swift in Sources */ = {isa = PBXBuildFile; fileRef = 7706860E296DEEC80036F181 /* RMTabBarController.swift */; };
		77068613296DEF280036F181 /* RMCharacterViewController.swift in Sources */ = {isa = PBXBuildFile; fileRef = 77068612296DEF280036F181 /* RMCharacterViewController.swift */; };
		77068615296DEF390036F181 /* RMLocationViewController.swift in Sources */ = {isa = PBXBuildFile; fileRef = 77068614296DEF390036F181 /* RMLocationViewController.swift */; };
		77068617296DEF4F0036F181 /* RMEpisodeViewController.swift in Sources */ = {isa = PBXBuildFile; fileRef = 77068616296DEF4F0036F181 /* RMEpisodeViewController.swift */; };
		77068619296DEF5B0036F181 /* RMSetttingsViewController.swift in Sources */ = {isa = PBXBuildFile; fileRef = 77068618296DEF5B0036F181 /* RMSetttingsViewController.swift */; };
		7706861B296DFC850036F181 /* RMService.swift in Sources */ = {isa = PBXBuildFile; fileRef = 7706861A296DFC850036F181 /* RMService.swift */; };
		7706861D296DFCC70036F181 /* RMRequest.swift in Sources */ = {isa = PBXBuildFile; fileRef = 7706861C296DFCC70036F181 /* RMRequest.swift */; };
		7706861F296DFCFB0036F181 /* RMEndpoint.swift in Sources */ = {isa = PBXBuildFile; fileRef = 7706861E296DFCFB0036F181 /* RMEndpoint.swift */; };
/* End PBXBuildFile section */

/* Begin PBXFileReference section */
		770685E5296DECD80036F181 /* RickAnyMorty.app */ = {isa = PBXFileReference; explicitFileType = wrapper.application; includeInIndex = 0; path = RickAnyMorty.app; sourceTree = BUILT_PRODUCTS_DIR; };
		770685E8296DECD80036F181 /* AppDelegate.swift */ = {isa = PBXFileReference; lastKnownFileType = sourcecode.swift; path = AppDelegate.swift; sourceTree = "<group>"; };
		770685EA296DECD80036F181 /* SceneDelegate.swift */ = {isa = PBXFileReference; lastKnownFileType = sourcecode.swift; path = SceneDelegate.swift; sourceTree = "<group>"; };
		770685F1296DECDA0036F181 /* Assets.xcassets */ = {isa = PBXFileReference; lastKnownFileType = folder.assetcatalog; path = Assets.xcassets; sourceTree = "<group>"; };
		770685F4296DECDA0036F181 /* Base */ = {isa = PBXFileReference; lastKnownFileType = file.storyboard; name = Base; path = Base.lproj/LaunchScreen.storyboard; sourceTree = "<group>"; };
		770685F6296DECDA0036F181 /* Info.plist */ = {isa = PBXFileReference; lastKnownFileType = text.plist.xml; path = Info.plist; sourceTree = "<group>"; };
		77068606296DEE890036F181 /* RMLocation.swift */ = {isa = PBXFileReference; lastKnownFileType = sourcecode.swift; path = RMLocation.swift; sourceTree = "<group>"; };
		77068608296DEE960036F181 /* RMCharacter.swift */ = {isa = PBXFileReference; lastKnownFileType = sourcecode.swift; path = RMCharacter.swift; sourceTree = "<group>"; };
		7706860B296DEEB10036F181 /* RMEpisode.swift */ = {isa = PBXFileReference; lastKnownFileType = sourcecode.swift; path = RMEpisode.swift; sourceTree = "<group>"; };
		7706860E296DEEC80036F181 /* RMTabBarController.swift */ = {isa = PBXFileReference; lastKnownFileType = sourcecode.swift; path = RMTabBarController.swift; sourceTree = "<group>"; };
		77068612296DEF280036F181 /* RMCharacterViewController.swift */ = {isa = PBXFileReference; lastKnownFileType = sourcecode.swift; path = RMCharacterViewController.swift; sourceTree = "<group>"; };
		77068614296DEF390036F181 /* RMLocationViewController.swift */ = {isa = PBXFileReference; lastKnownFileType = sourcecode.swift; path = RMLocationViewController.swift; sourceTree = "<group>"; };
		77068616296DEF4F0036F181 /* RMEpisodeViewController.swift */ = {isa = PBXFileReference; lastKnownFileType = sourcecode.swift; path = RMEpisodeViewController.swift; sourceTree = "<group>"; };
		77068618296DEF5B0036F181 /* RMSetttingsViewController.swift */ = {isa = PBXFileReference; lastKnownFileType = sourcecode.swift; path = RMSetttingsViewController.swift; sourceTree = "<group>"; };
		7706861A296DFC850036F181 /* RMService.swift */ = {isa = PBXFileReference; lastKnownFileType = sourcecode.swift; path = RMService.swift; sourceTree = "<group>"; };
		7706861C296DFCC70036F181 /* RMRequest.swift */ = {isa = PBXFileReference; lastKnownFileType = sourcecode.swift; path = RMRequest.swift; sourceTree = "<group>"; };
		7706861E296DFCFB0036F181 /* RMEndpoint.swift */ = {isa = PBXFileReference; lastKnownFileType = sourcecode.swift; path = RMEndpoint.swift; sourceTree = "<group>"; };
/* End PBXFileReference section */

/* Begin PBXFrameworksBuildPhase section */
		770685E2296DECD80036F181 /* Frameworks */ = {
			isa = PBXFrameworksBuildPhase;
			buildActionMask = 2147483647;
			files = (
			);
			runOnlyForDeploymentPostprocessing = 0;
		};
/* End PBXFrameworksBuildPhase section */

/* Begin PBXGroup section */
		770685DC296DECD80036F181 = {
			isa = PBXGroup;
			children = (
				770685E7296DECD80036F181 /* RickAnyMorty */,
				770685E6296DECD80036F181 /* Products */,
			);
			sourceTree = "<group>";
		};
		770685E6296DECD80036F181 /* Products */ = {
			isa = PBXGroup;
			children = (
				770685E5296DECD80036F181 /* RickAnyMorty.app */,
			);
			name = Products;
			sourceTree = "<group>";
		};
		770685E7296DECD80036F181 /* RickAnyMorty */ = {
			isa = PBXGroup;
			children = (
				77068604296DEE3A0036F181 /* ApiClient */,
				77068603296DEE280036F181 /* Managers */,
				77068602296DEE1D0036F181 /* Resources */,
				77068601296DEE120036F181 /* ViewModels */,
				77068600296DEE080036F181 /* Models */,
				770685FF296DEDFF0036F181 /* Views */,
				770685FC296DEDE30036F181 /* Controllers */,
				770685F6296DECDA0036F181 /* Info.plist */,
			);
			path = RickAnyMorty;
			sourceTree = "<group>";
		};
		770685FC296DEDE30036F181 /* Controllers */ = {
			isa = PBXGroup;
			children = (
				77068611296DEEE10036F181 /* Core */,
			);
			path = Controllers;
			sourceTree = "<group>";
		};
		770685FF296DEDFF0036F181 /* Views */ = {
			isa = PBXGroup;
			children = (
			);
			path = Views;
			sourceTree = "<group>";
		};
		77068600296DEE080036F181 /* Models */ = {
			isa = PBXGroup;
			children = (
				77068606296DEE890036F181 /* RMLocation.swift */,
				77068608296DEE960036F181 /* RMCharacter.swift */,
				7706860B296DEEB10036F181 /* RMEpisode.swift */,
			);
			path = Models;
			sourceTree = "<group>";
		};
		77068601296DEE120036F181 /* ViewModels */ = {
			isa = PBXGroup;
			children = (
			);
			path = ViewModels;
			sourceTree = "<group>";
		};
		77068602296DEE1D0036F181 /* Resources */ = {
			isa = PBXGroup;
			children = (
				770685E8296DECD80036F181 /* AppDelegate.swift */,
				770685EA296DECD80036F181 /* SceneDelegate.swift */,
				770685F1296DECDA0036F181 /* Assets.xcassets */,
				770685F3296DECDA0036F181 /* LaunchScreen.storyboard */,
			);
			path = Resources;
			sourceTree = "<group>";
		};
		77068603296DEE280036F181 /* Managers */ = {
			isa = PBXGroup;
			children = (
			);
			path = Managers;
			sourceTree = "<group>";
		};
		77068604296DEE3A0036F181 /* ApiClient */ = {
			isa = PBXGroup;
			children = (
				7706861A296DFC850036F181 /* RMService.swift */,
				7706861C296DFCC70036F181 /* RMRequest.swift */,
				7706861E296DFCFB0036F181 /* RMEndpoint.swift */,
			);
			path = ApiClient;
			sourceTree = "<group>";
		};
		77068611296DEEE10036F181 /* Core */ = {
			isa = PBXGroup;
			children = (
				7706860E296DEEC80036F181 /* RMTabBarController.swift */,
				77068612296DEF280036F181 /* RMCharacterViewController.swift */,
				77068614296DEF390036F181 /* RMLocationViewController.swift */,
				77068616296DEF4F0036F181 /* RMEpisodeViewController.swift */,
				77068618296DEF5B0036F181 /* RMSetttingsViewController.swift */,
			);
			path = Core;
			sourceTree = "<group>";
		};
/* End PBXGroup section */

/* Begin PBXNativeTarget section */
		770685E4296DECD80036F181 /* RickAnyMorty */ = {
			isa = PBXNativeTarget;
			buildConfigurationList = 770685F9296DECDA0036F181 /* Build configuration list for PBXNativeTarget "RickAnyMorty" */;
			buildPhases = (
				770685E1296DECD80036F181 /* Sources */,
				770685E2296DECD80036F181 /* Frameworks */,
				770685E3296DECD80036F181 /* Resources */,
			);
			buildRules = (
			);
			dependencies = (
			);
			name = RickAnyMorty;
			productName = RickAnyMorty;
			productReference = 770685E5296DECD80036F181 /* RickAnyMorty.app */;
			productType = "com.apple.product-type.application";
		};
/* End PBXNativeTarget section */

/* Begin PBXProject section */
		770685DD296DECD80036F181 /* Project object */ = {
			isa = PBXProject;
			attributes = {
				BuildIndependentTargetsInParallel = 1;
				LastSwiftUpdateCheck = 1420;
				LastUpgradeCheck = 1420;
				TargetAttributes = {
					770685E4296DECD80036F181 = {
						CreatedOnToolsVersion = 14.2;
					};
				};
			};
			buildConfigurationList = 770685E0296DECD80036F181 /* Build configuration list for PBXProject "RickAnyMorty" */;
			compatibilityVersion = "Xcode 14.0";
			developmentRegion = en;
			hasScannedForEncodings = 0;
			knownRegions = (
				en,
				Base,
			);
			mainGroup = 770685DC296DECD80036F181;
			productRefGroup = 770685E6296DECD80036F181 /* Products */;
			projectDirPath = "";
			projectRoot = "";
			targets = (
				770685E4296DECD80036F181 /* RickAnyMorty */,
			);
		};
/* End PBXProject section */

/* Begin PBXResourcesBuildPhase section */
		770685E3296DECD80036F181 /* Resources */ = {
			isa = PBXResourcesBuildPhase;
			buildActionMask = 2147483647;
			files = (
				770685F5296DECDA0036F181 /* LaunchScreen.storyboard in Resources */,
				770685F2296DECDA0036F181 /* Assets.xcassets in Resources */,
			);
			runOnlyForDeploymentPostprocessing = 0;
		};
/* End PBXResourcesBuildPhase section */

/* Begin PBXSourcesBuildPhase section */
		770685E1296DECD80036F181 /* Sources */ = {
			isa = PBXSourcesBuildPhase;
			buildActionMask = 2147483647;
			files = (
				77068615296DEF390036F181 /* RMLocationViewController.swift in Sources */,
				7706860C296DEEB10036F181 /* RMEpisode.swift in Sources */,
				7706860F296DEEC80036F181 /* RMTabBarController.swift in Sources */,
				77068617296DEF4F0036F181 /* RMEpisodeViewController.swift in Sources */,
				770685E9296DECD80036F181 /* AppDelegate.swift in Sources */,
				770685EB296DECD80036F181 /* SceneDelegate.swift in Sources */,
				77068613296DEF280036F181 /* RMCharacterViewController.swift in Sources */,
				7706861B296DFC850036F181 /* RMService.swift in Sources */,
				77068607296DEE890036F181 /* RMLocation.swift in Sources */,
				7706861F296DFCFB0036F181 /* RMEndpoint.swift in Sources */,
				77068609296DEE960036F181 /* RMCharacter.swift in Sources */,
				7706861D296DFCC70036F181 /* RMRequest.swift in Sources */,
				77068619296DEF5B0036F181 /* RMSetttingsViewController.swift in Sources */,
			);
			runOnlyForDeploymentPostprocessing = 0;
		};
/* End PBXSourcesBuildPhase section */

/* Begin PBXVariantGroup section */
		770685F3296DECDA0036F181 /* LaunchScreen.storyboard */ = {
			isa = PBXVariantGroup;
			children = (
				770685F4296DECDA0036F181 /* Base */,
			);
			name = LaunchScreen.storyboard;
			sourceTree = "<group>";
		};
/* End PBXVariantGroup section */

/* Begin XCBuildConfiguration section */
		770685F7296DECDA0036F181 /* Debug */ = {
			isa = XCBuildConfiguration;
			buildSettings = {
				ALWAYS_SEARCH_USER_PATHS = NO;
				CLANG_ANALYZER_NONNULL = YES;
				CLANG_ANALYZER_NUMBER_OBJECT_CONVERSION = YES_AGGRESSIVE;
				CLANG_CXX_LANGUAGE_STANDARD = "gnu++20";
				CLANG_ENABLE_MODULES = YES;
				CLANG_ENABLE_OBJC_ARC = YES;
				CLANG_ENABLE_OBJC_WEAK = YES;
				CLANG_WARN_BLOCK_CAPTURE_AUTORELEASING = YES;
				CLANG_WARN_BOOL_CONVERSION = YES;
				CLANG_WARN_COMMA = YES;
				CLANG_WARN_CONSTANT_CONVERSION = YES;
				CLANG_WARN_DEPRECATED_OBJC_IMPLEMENTATIONS = YES;
				CLANG_WARN_DIRECT_OBJC_ISA_USAGE = YES_ERROR;
				CLANG_WARN_DOCUMENTATION_COMMENTS = YES;
				CLANG_WARN_EMPTY_BODY = YES;
				CLANG_WARN_ENUM_CONVERSION = YES;
				CLANG_WARN_INFINITE_RECURSION = YES;
				CLANG_WARN_INT_CONVERSION = YES;
				CLANG_WARN_NON_LITERAL_NULL_CONVERSION = YES;
				CLANG_WARN_OBJC_IMPLICIT_RETAIN_SELF = YES;
				CLANG_WARN_OBJC_LITERAL_CONVERSION = YES;
				CLANG_WARN_OBJC_ROOT_CLASS = YES_ERROR;
				CLANG_WARN_QUOTED_INCLUDE_IN_FRAMEWORK_HEADER = YES;
				CLANG_WARN_RANGE_LOOP_ANALYSIS = YES;
				CLANG_WARN_STRICT_PROTOTYPES = YES;
				CLANG_WARN_SUSPICIOUS_MOVE = YES;
				CLANG_WARN_UNGUARDED_AVAILABILITY = YES_AGGRESSIVE;
				CLANG_WARN_UNREACHABLE_CODE = YES;
				CLANG_WARN__DUPLICATE_METHOD_MATCH = YES;
				COPY_PHASE_STRIP = NO;
				DEBUG_INFORMATION_FORMAT = dwarf;
				ENABLE_STRICT_OBJC_MSGSEND = YES;
				ENABLE_TESTABILITY = YES;
				GCC_C_LANGUAGE_STANDARD = gnu11;
				GCC_DYNAMIC_NO_PIC = NO;
				GCC_NO_COMMON_BLOCKS = YES;
				GCC_OPTIMIZATION_LEVEL = 0;
				GCC_PREPROCESSOR_DEFINITIONS = (
					"DEBUG=1",
					"$(inherited)",
				);
				GCC_WARN_64_TO_32_BIT_CONVERSION = YES;
				GCC_WARN_ABOUT_RETURN_TYPE = YES_ERROR;
				GCC_WARN_UNDECLARED_SELECTOR = YES;
				GCC_WARN_UNINITIALIZED_AUTOS = YES_AGGRESSIVE;
				GCC_WARN_UNUSED_FUNCTION = YES;
				GCC_WARN_UNUSED_VARIABLE = YES;
				IPHONEOS_DEPLOYMENT_TARGET = 16.2;
				MTL_ENABLE_DEBUG_INFO = INCLUDE_SOURCE;
				MTL_FAST_MATH = YES;
				ONLY_ACTIVE_ARCH = YES;
				SDKROOT = iphoneos;
				SWIFT_ACTIVE_COMPILATION_CONDITIONS = DEBUG;
				SWIFT_OPTIMIZATION_LEVEL = "-Onone";
			};
			name = Debug;
		};
		770685F8296DECDA0036F181 /* Release */ = {
			isa = XCBuildConfiguration;
			buildSettings = {
				ALWAYS_SEARCH_USER_PATHS = NO;
				CLANG_ANALYZER_NONNULL = YES;
				CLANG_ANALYZER_NUMBER_OBJECT_CONVERSION = YES_AGGRESSIVE;
				CLANG_CXX_LANGUAGE_STANDARD = "gnu++20";
				CLANG_ENABLE_MODULES = YES;
				CLANG_ENABLE_OBJC_ARC = YES;
				CLANG_ENABLE_OBJC_WEAK = YES;
				CLANG_WARN_BLOCK_CAPTURE_AUTORELEASING = YES;
				CLANG_WARN_BOOL_CONVERSION = YES;
				CLANG_WARN_COMMA = YES;
				CLANG_WARN_CONSTANT_CONVERSION = YES;
				CLANG_WARN_DEPRECATED_OBJC_IMPLEMENTATIONS = YES;
				CLANG_WARN_DIRECT_OBJC_ISA_USAGE = YES_ERROR;
				CLANG_WARN_DOCUMENTATION_COMMENTS = YES;
				CLANG_WARN_EMPTY_BODY = YES;
				CLANG_WARN_ENUM_CONVERSION = YES;
				CLANG_WARN_INFINITE_RECURSION = YES;
				CLANG_WARN_INT_CONVERSION = YES;
				CLANG_WARN_NON_LITERAL_NULL_CONVERSION = YES;
				CLANG_WARN_OBJC_IMPLICIT_RETAIN_SELF = YES;
				CLANG_WARN_OBJC_LITERAL_CONVERSION = YES;
				CLANG_WARN_OBJC_ROOT_CLASS = YES_ERROR;
				CLANG_WARN_QUOTED_INCLUDE_IN_FRAMEWORK_HEADER = YES;
				CLANG_WARN_RANGE_LOOP_ANALYSIS = YES;
				CLANG_WARN_STRICT_PROTOTYPES = YES;
				CLANG_WARN_SUSPICIOUS_MOVE = YES;
				CLANG_WARN_UNGUARDED_AVAILABILITY = YES_AGGRESSIVE;
				CLANG_WARN_UNREACHABLE_CODE = YES;
				CLANG_WARN__DUPLICATE_METHOD_MATCH = YES;
				COPY_PHASE_STRIP = NO;
				DEBUG_INFORMATION_FORMAT = "dwarf-with-dsym";
				ENABLE_NS_ASSERTIONS = NO;
				ENABLE_STRICT_OBJC_MSGSEND = YES;
				GCC_C_LANGUAGE_STANDARD = gnu11;
				GCC_NO_COMMON_BLOCKS = YES;
				GCC_WARN_64_TO_32_BIT_CONVERSION = YES;
				GCC_WARN_ABOUT_RETURN_TYPE = YES_ERROR;
				GCC_WARN_UNDECLARED_SELECTOR = YES;
				GCC_WARN_UNINITIALIZED_AUTOS = YES_AGGRESSIVE;
				GCC_WARN_UNUSED_FUNCTION = YES;
				GCC_WARN_UNUSED_VARIABLE = YES;
				IPHONEOS_DEPLOYMENT_TARGET = 16.2;
				MTL_ENABLE_DEBUG_INFO = NO;
				MTL_FAST_MATH = YES;
				SDKROOT = iphoneos;
				SWIFT_COMPILATION_MODE = wholemodule;
				SWIFT_OPTIMIZATION_LEVEL = "-O";
				VALIDATE_PRODUCT = YES;
			};
			name = Release;
		};
		770685FA296DECDA0036F181 /* Debug */ = {
			isa = XCBuildConfiguration;
			buildSettings = {
				ASSETCATALOG_COMPILER_APPICON_NAME = AppIcon;
				ASSETCATALOG_COMPILER_GLOBAL_ACCENT_COLOR_NAME = AccentColor;
				CODE_SIGN_STYLE = Automatic;
				CURRENT_PROJECT_VERSION = 1;
				GENERATE_INFOPLIST_FILE = YES;
				INFOPLIST_FILE = RickAnyMorty/Info.plist;
				INFOPLIST_KEY_UIApplicationSupportsIndirectInputEvents = YES;
				INFOPLIST_KEY_UILaunchStoryboardName = LaunchScreen;
				INFOPLIST_KEY_UISupportedInterfaceOrientations_iPad = "UIInterfaceOrientationPortrait UIInterfaceOrientationPortraitUpsideDown UIInterfaceOrientationLandscapeLeft UIInterfaceOrientationLandscapeRight";
				INFOPLIST_KEY_UISupportedInterfaceOrientations_iPhone = "UIInterfaceOrientationPortrait UIInterfaceOrientationLandscapeLeft UIInterfaceOrientationLandscapeRight";
				LD_RUNPATH_SEARCH_PATHS = (
					"$(inherited)",
					"@executable_path/Frameworks",
				);
				MARKETING_VERSION = 1.0;
				PRODUCT_BUNDLE_IDENTIFIER = gorkem.RickAnyMorty;
				PRODUCT_NAME = "$(TARGET_NAME)";
				SWIFT_EMIT_LOC_STRINGS = YES;
				SWIFT_VERSION = 5.0;
				TARGETED_DEVICE_FAMILY = "1,2";
			};
			name = Debug;
		};
		770685FB296DECDA0036F181 /* Release */ = {
			isa = XCBuildConfiguration;
			buildSettings = {
				ASSETCATALOG_COMPILER_APPICON_NAME = AppIcon;
				ASSETCATALOG_COMPILER_GLOBAL_ACCENT_COLOR_NAME = AccentColor;
				CODE_SIGN_STYLE = Automatic;
				CURRENT_PROJECT_VERSION = 1;
				GENERATE_INFOPLIST_FILE = YES;
				INFOPLIST_FILE = RickAnyMorty/Info.plist;
				INFOPLIST_KEY_UIApplicationSupportsIndirectInputEvents = YES;
				INFOPLIST_KEY_UILaunchStoryboardName = LaunchScreen;
				INFOPLIST_KEY_UISupportedInterfaceOrientations_iPad = "UIInterfaceOrientationPortrait UIInterfaceOrientationPortraitUpsideDown UIInterfaceOrientationLandscapeLeft UIInterfaceOrientationLandscapeRight";
				INFOPLIST_KEY_UISupportedInterfaceOrientations_iPhone = "UIInterfaceOrientationPortrait UIInterfaceOrientationLandscapeLeft UIInterfaceOrientationLandscapeRight";
				LD_RUNPATH_SEARCH_PATHS = (
					"$(inherited)",
					"@executable_path/Frameworks",
				);
				MARKETING_VERSION = 1.0;
				PRODUCT_BUNDLE_IDENTIFIER = gorkem.RickAnyMorty;
				PRODUCT_NAME = "$(TARGET_NAME)";
				SWIFT_EMIT_LOC_STRINGS = YES;
				SWIFT_VERSION = 5.0;
				TARGETED_DEVICE_FAMILY = "1,2";
			};
			name = Release;
		};
/* End XCBuildConfiguration section */

/* Begin XCConfigurationList section */
		770685E0296DECD80036F181 /* Build configuration list for PBXProject "RickAnyMorty" */ = {
			isa = XCConfigurationList;
			buildConfigurations = (
				770685F7296DECDA0036F181 /* Debug */,
				770685F8296DECDA0036F181 /* Release */,
			);
			defaultConfigurationIsVisible = 0;
			defaultConfigurationName = Release;
		};
		770685F9296DECDA0036F181 /* Build configuration list for PBXNativeTarget "RickAnyMorty" */ = {
			isa = XCConfigurationList;
			buildConfigurations = (
				770685FA296DECDA0036F181 /* Debug */,
				770685FB296DECDA0036F181 /* Release */,
			);
			defaultConfigurationIsVisible = 0;
			defaultConfigurationName = Release;
		};
/* End XCConfigurationList section */
	};
	rootObject = 770685DD296DECD80036F181 /* Project object */;
}
